
Microsoft Visual Studio Solution File, Format Version 12.00
# Visual Studio Version 17
VisualStudioVersion = 17.1.32210.238
MinimumVisualStudioVersion = 10.0.40219.1
Project("{9A19103F-16F7-4668-BE54-9A1E7A4F7556}") = "MicrolisR", "src\MicrolisR\MicrolisR.csproj", "{588B6E79-D278-4011-9CA5-8ECFDE3B2DA7}"
EndProject
Project("{2150E333-8FDC-42A3-9474-1A3956D46DE8}") = "src", "src", "{A023E111-7951-4C0B-855B-B167FAB1DED0}"
EndProject
Project("{2150E333-8FDC-42A3-9474-1A3956D46DE8}") = "test", "test", "{DF948BE3-4DC4-408F-8CBA-91A372074B95}"
EndProject
Project("{2150E333-8FDC-42A3-9474-1A3956D46DE8}") = "Mapping", "Mapping", "{CDB5D9D1-8D55-42E5-B63D-5BAA19EDA299}"
EndProject
Project("{FAE04EC0-301F-11D3-BF4B-00C04F79EFBC}") = "MicrolisR.Mapping.Abstractions", "src\Mapping\MicrolisR.Mapping.Abstractions\MicrolisR.Mapping.Abstractions.csproj", "{58846817-C391-464C-B9F3-6AF268ECE90F}"
EndProject
Project("{FAE04EC0-301F-11D3-BF4B-00C04F79EFBC}") = "MicrolisR.Mapping.SourceGenerator", "src\Mapping\MicrolisR.Mapping.SourceGenerator\MicrolisR.Mapping.SourceGenerator.csproj", "{71D02A17-55A1-481D-B0C9-2FD4C677C2EC}"
EndProject
Project("{FAE04EC0-301F-11D3-BF4B-00C04F79EFBC}") = "MicrolisR.Mapping", "src\Mapping\MicrolisR.Mapping\MicrolisR.Mapping.csproj", "{013E3D0A-9B44-4D68-BB35-C8C8531B5B74}"
EndProject
Project("{2150E333-8FDC-42A3-9474-1A3956D46DE8}") = "MicrolisR.Extension", "MicrolisR.Extension", "{DB0266A8-68D2-4091-8EC2-055EAB72FAD4}"
EndProject
Project("{FAE04EC0-301F-11D3-BF4B-00C04F79EFBC}") = "MicrolisR.Extension.Endpoint", "src\MicrolisR.Extension\MicrolisR.Extension.Endpoint\MicrolisR.Extension.Endpoint.csproj", "{9308A141-1CEA-4B81-8B8B-482B6BC265AA}"
EndProject
Project("{FAE04EC0-301F-11D3-BF4B-00C04F79EFBC}") = "MicrolisR.Extension.Endpoint.SourceGeneration", "src\MicrolisR.Extension\MicrolisR.Extension.Endpoint.SourceGeneration\MicrolisR.Extension.Endpoint.SourceGeneration.csproj", "{229BDD6A-5DED-4F9B-9A0E-4D90F20ACDBD}"
EndProject
Project("{FAE04EC0-301F-11D3-BF4B-00C04F79EFBC}") = "MicrolisR.UnitTest", "test\MicrolisR.UnitTest\MicrolisR.UnitTest.csproj", "{8F2C378B-2D3F-43CA-B0C9-26401CFC9A3E}"
EndProject
Project("{2150E333-8FDC-42A3-9474-1A3956D46DE8}") = "doc", "doc", "{627506C7-3122-40A0-ABD4-1C68696AFE7A}"
	ProjectSection(SolutionItems) = preProject
		README.md = README.md
	EndProjectSection
EndProject
Project("{FAE04EC0-301F-11D3-BF4B-00C04F79EFBC}") = "tmp", "src\tmp\tmp.csproj", "{07551287-416B-47C1-B9E8-29B2ED49E1E1}"
EndProject
Project("{FAE04EC0-301F-11D3-BF4B-00C04F79EFBC}") = "MicrolisR.Validation", "src\MicrolisR.Validation\MicrolisR.Validation.csproj", "{CE53BE8C-AEC2-498B-9A0A-3F536718243B}"
EndProject
Project("{FAE04EC0-301F-11D3-BF4B-00C04F79EFBC}") = "MicrolisR.Abstractions", "src\MicrolisR.Abstractions\MicrolisR.Abstractions.csproj", "{93A95C9E-E6F5-4405-9928-A53CCB3ECA77}"
EndProject
Project("{FAE04EC0-301F-11D3-BF4B-00C04F79EFBC}") = "MicrolisR.Validation.Abstractions", "src\MicrolisR.Validation.Abstractions\MicrolisR.Validation.Abstractions.csproj", "{EA12556E-DD65-4D78-80A3-B3E5D26E55BD}"
EndProject
Project("{2150E333-8FDC-42A3-9474-1A3956D46DE8}") = "demo", "demo", "{69B7F859-4F1F-49D9-A30A-DBAC5E4CB23C}"
EndProject
Project("{FAE04EC0-301F-11D3-BF4B-00C04F79EFBC}") = "Demo", "demo\Demo\Demo.csproj", "{9257D69A-7B43-4382-9441-2D438591D6A1}"
EndProject
Project("{FAE04EC0-301F-11D3-BF4B-00C04F79EFBC}") = "Demo.Lib", "demo\Demo.Lib\Demo.Lib.csproj", "{78BF4687-46A2-4142-9870-836D13F90C2D}"
EndProject
Project("{2150E333-8FDC-42A3-9474-1A3956D46DE8}") = "Experimental", "Experimental", "{1B3E9164-604E-4B31-87B0-61AE4AD4CF4B}"
EndProject
Project("{FAE04EC0-301F-11D3-BF4B-00C04F79EFBC}") = "MicrolisR.Extensions.DependencyInjection.Microsoft", "src\MicrolisR.Extensions.DependencyInjection.Microsoft\MicrolisR.Extensions.DependencyInjection.Microsoft.csproj", "{F4106F3B-5619-4B9E-A5BC-23CE57E4BD64}"
EndProject
Global
	GlobalSection(SolutionConfigurationPlatforms) = preSolution
		Debug|Any CPU = Debug|Any CPU
		Release|Any CPU = Release|Any CPU
	EndGlobalSection
	GlobalSection(ProjectConfigurationPlatforms) = postSolution
		{588B6E79-D278-4011-9CA5-8ECFDE3B2DA7}.Debug|Any CPU.ActiveCfg = Debug|Any CPU
		{588B6E79-D278-4011-9CA5-8ECFDE3B2DA7}.Debug|Any CPU.Build.0 = Debug|Any CPU
		{588B6E79-D278-4011-9CA5-8ECFDE3B2DA7}.Release|Any CPU.ActiveCfg = Release|Any CPU
		{588B6E79-D278-4011-9CA5-8ECFDE3B2DA7}.Release|Any CPU.Build.0 = Release|Any CPU
		{58846817-C391-464C-B9F3-6AF268ECE90F}.Debug|Any CPU.ActiveCfg = Debug|Any CPU
		{58846817-C391-464C-B9F3-6AF268ECE90F}.Debug|Any CPU.Build.0 = Debug|Any CPU
		{58846817-C391-464C-B9F3-6AF268ECE90F}.Release|Any CPU.ActiveCfg = Release|Any CPU
		{58846817-C391-464C-B9F3-6AF268ECE90F}.Release|Any CPU.Build.0 = Release|Any CPU
		{71D02A17-55A1-481D-B0C9-2FD4C677C2EC}.Debug|Any CPU.ActiveCfg = Debug|Any CPU
		{71D02A17-55A1-481D-B0C9-2FD4C677C2EC}.Debug|Any CPU.Build.0 = Debug|Any CPU
		{71D02A17-55A1-481D-B0C9-2FD4C677C2EC}.Release|Any CPU.ActiveCfg = Release|Any CPU
		{71D02A17-55A1-481D-B0C9-2FD4C677C2EC}.Release|Any CPU.Build.0 = Release|Any CPU
		{013E3D0A-9B44-4D68-BB35-C8C8531B5B74}.Debug|Any CPU.ActiveCfg = Debug|Any CPU
		{013E3D0A-9B44-4D68-BB35-C8C8531B5B74}.Debug|Any CPU.Build.0 = Debug|Any CPU
		{013E3D0A-9B44-4D68-BB35-C8C8531B5B74}.Release|Any CPU.ActiveCfg = Release|Any CPU
		{013E3D0A-9B44-4D68-BB35-C8C8531B5B74}.Release|Any CPU.Build.0 = Release|Any CPU
		{9308A141-1CEA-4B81-8B8B-482B6BC265AA}.Debug|Any CPU.ActiveCfg = Debug|Any CPU
		{9308A141-1CEA-4B81-8B8B-482B6BC265AA}.Debug|Any CPU.Build.0 = Debug|Any CPU
		{9308A141-1CEA-4B81-8B8B-482B6BC265AA}.Release|Any CPU.ActiveCfg = Release|Any CPU
		{9308A141-1CEA-4B81-8B8B-482B6BC265AA}.Release|Any CPU.Build.0 = Release|Any CPU
		{229BDD6A-5DED-4F9B-9A0E-4D90F20ACDBD}.Debug|Any CPU.ActiveCfg = Debug|Any CPU
		{229BDD6A-5DED-4F9B-9A0E-4D90F20ACDBD}.Debug|Any CPU.Build.0 = Debug|Any CPU
		{229BDD6A-5DED-4F9B-9A0E-4D90F20ACDBD}.Release|Any CPU.ActiveCfg = Release|Any CPU
		{229BDD6A-5DED-4F9B-9A0E-4D90F20ACDBD}.Release|Any CPU.Build.0 = Release|Any CPU
		{8F2C378B-2D3F-43CA-B0C9-26401CFC9A3E}.Debug|Any CPU.ActiveCfg = Debug|Any CPU
		{8F2C378B-2D3F-43CA-B0C9-26401CFC9A3E}.Debug|Any CPU.Build.0 = Debug|Any CPU
		{8F2C378B-2D3F-43CA-B0C9-26401CFC9A3E}.Release|Any CPU.ActiveCfg = Release|Any CPU
		{8F2C378B-2D3F-43CA-B0C9-26401CFC9A3E}.Release|Any CPU.Build.0 = Release|Any CPU
		{07551287-416B-47C1-B9E8-29B2ED49E1E1}.Debug|Any CPU.ActiveCfg = Debug|Any CPU
		{07551287-416B-47C1-B9E8-29B2ED49E1E1}.Debug|Any CPU.Build.0 = Debug|Any CPU
		{07551287-416B-47C1-B9E8-29B2ED49E1E1}.Release|Any CPU.ActiveCfg = Release|Any CPU
		{07551287-416B-47C1-B9E8-29B2ED49E1E1}.Release|Any CPU.Build.0 = Release|Any CPU
		{CE53BE8C-AEC2-498B-9A0A-3F536718243B}.Debug|Any CPU.ActiveCfg = Debug|Any CPU
		{CE53BE8C-AEC2-498B-9A0A-3F536718243B}.Debug|Any CPU.Build.0 = Debug|Any CPU
		{CE53BE8C-AEC2-498B-9A0A-3F536718243B}.Release|Any CPU.ActiveCfg = Release|Any CPU
		{CE53BE8C-AEC2-498B-9A0A-3F536718243B}.Release|Any CPU.Build.0 = Release|Any CPU
		{93A95C9E-E6F5-4405-9928-A53CCB3ECA77}.Debug|Any CPU.ActiveCfg = Debug|Any CPU
		{93A95C9E-E6F5-4405-9928-A53CCB3ECA77}.Debug|Any CPU.Build.0 = Debug|Any CPU
		{93A95C9E-E6F5-4405-9928-A53CCB3ECA77}.Release|Any CPU.ActiveCfg = Release|Any CPU
		{93A95C9E-E6F5-4405-9928-A53CCB3ECA77}.Release|Any CPU.Build.0 = Release|Any CPU
		{EA12556E-DD65-4D78-80A3-B3E5D26E55BD}.Debug|Any CPU.ActiveCfg = Debug|Any CPU
		{EA12556E-DD65-4D78-80A3-B3E5D26E55BD}.Debug|Any CPU.Build.0 = Debug|Any CPU
		{EA12556E-DD65-4D78-80A3-B3E5D26E55BD}.Release|Any CPU.ActiveCfg = Release|Any CPU
		{EA12556E-DD65-4D78-80A3-B3E5D26E55BD}.Release|Any CPU.Build.0 = Release|Any CPU
		{9257D69A-7B43-4382-9441-2D438591D6A1}.Debug|Any CPU.ActiveCfg = Debug|Any CPU
		{9257D69A-7B43-4382-9441-2D438591D6A1}.Debug|Any CPU.Build.0 = Debug|Any CPU
		{9257D69A-7B43-4382-9441-2D438591D6A1}.Release|Any CPU.ActiveCfg = Release|Any CPU
		{9257D69A-7B43-4382-9441-2D438591D6A1}.Release|Any CPU.Build.0 = Release|Any CPU
		{78BF4687-46A2-4142-9870-836D13F90C2D}.Debug|Any CPU.ActiveCfg = Debug|Any CPU
		{78BF4687-46A2-4142-9870-836D13F90C2D}.Debug|Any CPU.Build.0 = Debug|Any CPU
		{78BF4687-46A2-4142-9870-836D13F90C2D}.Release|Any CPU.ActiveCfg = Release|Any CPU
		{78BF4687-46A2-4142-9870-836D13F90C2D}.Release|Any CPU.Build.0 = Release|Any CPU
		{F4106F3B-5619-4B9E-A5BC-23CE57E4BD64}.Debug|Any CPU.ActiveCfg = Debug|Any CPU
		{F4106F3B-5619-4B9E-A5BC-23CE57E4BD64}.Debug|Any CPU.Build.0 = Debug|Any CPU
		{F4106F3B-5619-4B9E-A5BC-23CE57E4BD64}.Release|Any CPU.ActiveCfg = Release|Any CPU
		{F4106F3B-5619-4B9E-A5BC-23CE57E4BD64}.Release|Any CPU.Build.0 = Release|Any CPU
	EndGlobalSection
	GlobalSection(SolutionProperties) = preSolution
		HideSolutionNode = FALSE
	EndGlobalSection
	GlobalSection(NestedProjects) = preSolution
		{588B6E79-D278-4011-9CA5-8ECFDE3B2DA7} = {A023E111-7951-4C0B-855B-B167FAB1DED0}
		{58846817-C391-464C-B9F3-6AF268ECE90F} = {CDB5D9D1-8D55-42E5-B63D-5BAA19EDA299}
		{71D02A17-55A1-481D-B0C9-2FD4C677C2EC} = {CDB5D9D1-8D55-42E5-B63D-5BAA19EDA299}
		{013E3D0A-9B44-4D68-BB35-C8C8531B5B74} = {CDB5D9D1-8D55-42E5-B63D-5BAA19EDA299}
		{9308A141-1CEA-4B81-8B8B-482B6BC265AA} = {DB0266A8-68D2-4091-8EC2-055EAB72FAD4}
		{229BDD6A-5DED-4F9B-9A0E-4D90F20ACDBD} = {DB0266A8-68D2-4091-8EC2-055EAB72FAD4}
		{8F2C378B-2D3F-43CA-B0C9-26401CFC9A3E} = {DF948BE3-4DC4-408F-8CBA-91A372074B95}
		{CE53BE8C-AEC2-498B-9A0A-3F536718243B} = {A023E111-7951-4C0B-855B-B167FAB1DED0}
		{93A95C9E-E6F5-4405-9928-A53CCB3ECA77} = {A023E111-7951-4C0B-855B-B167FAB1DED0}
		{EA12556E-DD65-4D78-80A3-B3E5D26E55BD} = {A023E111-7951-4C0B-855B-B167FAB1DED0}
		{9257D69A-7B43-4382-9441-2D438591D6A1} = {69B7F859-4F1F-49D9-A30A-DBAC5E4CB23C}
		{78BF4687-46A2-4142-9870-836D13F90C2D} = {69B7F859-4F1F-49D9-A30A-DBAC5E4CB23C}
		{1B3E9164-604E-4B31-87B0-61AE4AD4CF4B} = {A023E111-7951-4C0B-855B-B167FAB1DED0}
		{CDB5D9D1-8D55-42E5-B63D-5BAA19EDA299} = {1B3E9164-604E-4B31-87B0-61AE4AD4CF4B}
		{DB0266A8-68D2-4091-8EC2-055EAB72FAD4} = {1B3E9164-604E-4B31-87B0-61AE4AD4CF4B}
		{07551287-416B-47C1-B9E8-29B2ED49E1E1} = {1B3E9164-604E-4B31-87B0-61AE4AD4CF4B}
		{F4106F3B-5619-4B9E-A5BC-23CE57E4BD64} = {A023E111-7951-4C0B-855B-B167FAB1DED0}
	EndGlobalSection
	GlobalSection(ExtensibilityGlobals) = postSolution
		SolutionGuid = {72F20086-2AAE-4305-977A-B807839763A8}
	EndGlobalSection
EndGlobal
