
Microsoft Visual Studio Solution File, Format Version 12.00
# Visual Studio Version 17
VisualStudioVersion = 17.1.32210.238
MinimumVisualStudioVersion = 10.0.40219.1
Project("{9A19103F-16F7-4668-BE54-9A1E7A4F7556}") = "MicrolisR", "src\MicrolisR\MicrolisR.csproj", "{588B6E79-D278-4011-9CA5-8ECFDE3B2DA7}"
EndProject
Project("{2150E333-8FDC-42A3-9474-1A3956D46DE8}") = "src", "src", "{A023E111-7951-4C0B-855B-B167FAB1DED0}"
EndProject
Project("{2150E333-8FDC-42A3-9474-1A3956D46DE8}") = "test", "test", "{DF948BE3-4DC4-408F-8CBA-91A372074B95}"
EndProject
Project("{9A19103F-16F7-4668-BE54-9A1E7A4F7556}") = "MicrolisR.Data", "src\MicrolisR.Data\MicrolisR.Data.csproj", "{A1A99943-3D70-48C8-AFD6-FB32A93BC2AE}"
EndProject
Project("{9A19103F-16F7-4668-BE54-9A1E7A4F7556}") = "AnalyzerTools", "src\AnalyzerTools\AnalyzerTools.csproj", "{BDE1182F-61D3-4D31-865E-5984092354CE}"
EndProject
Project("{9A19103F-16F7-4668-BE54-9A1E7A4F7556}") = "MicrolisR.Data.SourceGenerator", "src\MicrolisR.Data.SourceGenerator\MicrolisR.Data.SourceGenerator.csproj", "{40A09173-2B02-42A5-8336-3A0063C1CF3D}"
EndProject
Project("{9A19103F-16F7-4668-BE54-9A1E7A4F7556}") = "MicrolisR.Api", "src\MicrolisR.Api\MicrolisR.Api.csproj", "{757B6187-1907-4571-B102-5D5F001747D3}"
EndProject
Project("{9A19103F-16F7-4668-BE54-9A1E7A4F7556}") = "MicrolisR.Api.Test", "test\MicrolisR.Api.Test\MicrolisR.Api.Test.csproj", "{170DF0E1-799A-4952-A571-88AD53AB7178}"
EndProject
Project("{9A19103F-16F7-4668-BE54-9A1E7A4F7556}") = "MicrolisR.Data.Test", "test\MicrolisR.Data.Test\MicrolisR.Data.Test.csproj", "{6A4E7E3E-D4A0-4721-9C97-5E186A2FE699}"
EndProject
Project("{2150E333-8FDC-42A3-9474-1A3956D46DE8}") = "Solution Items", "Solution Items", "{6EEDEEEE-2FBD-43C4-BAC4-BF10D32D3B02}"
	ProjectSection(SolutionItems) = preProject
		ImportAnalyzerTools.targets = ImportAnalyzerTools.targets
		README.md = README.md
	EndProjectSection
EndProject
Project("{9A19103F-16F7-4668-BE54-9A1E7A4F7556}") = "Demo", "Demo\Demo.csproj", "{353EA1A8-FFCB-4ACB-BEA1-7FF803690BCB}"
EndProject
Project("{FAE04EC0-301F-11D3-BF4B-00C04F79EFBC}") = "MircrolisR.Logging", "src\MircrolisR.Logging\MircrolisR.Logging.csproj", "{6C62102C-18BA-45F2-AA10-4899374AA05A}"
EndProject
Project("{FAE04EC0-301F-11D3-BF4B-00C04F79EFBC}") = "MicrolisR.Mapping", "src\MicrolisR.Mapping\MicrolisR.Mapping.csproj", "{D80124DD-91D9-4486-978F-C07C141644E2}"
EndProject
Project("{FAE04EC0-301F-11D3-BF4B-00C04F79EFBC}") = "MicrolisR.Mapping.SourceGenerator", "src\MicrolisR.Mapping.SourceGenerator\MicrolisR.Mapping.SourceGenerator.csproj", "{80AD3104-1F51-4327-9F74-55A9643E1789}"
EndProject
Global
	GlobalSection(SolutionConfigurationPlatforms) = preSolution
		Debug|Any CPU = Debug|Any CPU
		Release|Any CPU = Release|Any CPU
	EndGlobalSection
	GlobalSection(ProjectConfigurationPlatforms) = postSolution
		{588B6E79-D278-4011-9CA5-8ECFDE3B2DA7}.Debug|Any CPU.ActiveCfg = Debug|Any CPU
		{588B6E79-D278-4011-9CA5-8ECFDE3B2DA7}.Debug|Any CPU.Build.0 = Debug|Any CPU
		{588B6E79-D278-4011-9CA5-8ECFDE3B2DA7}.Release|Any CPU.ActiveCfg = Release|Any CPU
		{588B6E79-D278-4011-9CA5-8ECFDE3B2DA7}.Release|Any CPU.Build.0 = Release|Any CPU
		{A1A99943-3D70-48C8-AFD6-FB32A93BC2AE}.Debug|Any CPU.ActiveCfg = Debug|Any CPU
		{A1A99943-3D70-48C8-AFD6-FB32A93BC2AE}.Debug|Any CPU.Build.0 = Debug|Any CPU
		{A1A99943-3D70-48C8-AFD6-FB32A93BC2AE}.Release|Any CPU.ActiveCfg = Release|Any CPU
		{A1A99943-3D70-48C8-AFD6-FB32A93BC2AE}.Release|Any CPU.Build.0 = Release|Any CPU
		{BDE1182F-61D3-4D31-865E-5984092354CE}.Debug|Any CPU.ActiveCfg = Debug|Any CPU
		{BDE1182F-61D3-4D31-865E-5984092354CE}.Debug|Any CPU.Build.0 = Debug|Any CPU
		{BDE1182F-61D3-4D31-865E-5984092354CE}.Release|Any CPU.ActiveCfg = Release|Any CPU
		{BDE1182F-61D3-4D31-865E-5984092354CE}.Release|Any CPU.Build.0 = Release|Any CPU
		{40A09173-2B02-42A5-8336-3A0063C1CF3D}.Debug|Any CPU.ActiveCfg = Debug|Any CPU
		{40A09173-2B02-42A5-8336-3A0063C1CF3D}.Debug|Any CPU.Build.0 = Debug|Any CPU
		{40A09173-2B02-42A5-8336-3A0063C1CF3D}.Release|Any CPU.ActiveCfg = Release|Any CPU
		{40A09173-2B02-42A5-8336-3A0063C1CF3D}.Release|Any CPU.Build.0 = Release|Any CPU
		{757B6187-1907-4571-B102-5D5F001747D3}.Debug|Any CPU.ActiveCfg = Debug|Any CPU
		{757B6187-1907-4571-B102-5D5F001747D3}.Debug|Any CPU.Build.0 = Debug|Any CPU
		{757B6187-1907-4571-B102-5D5F001747D3}.Release|Any CPU.ActiveCfg = Release|Any CPU
		{757B6187-1907-4571-B102-5D5F001747D3}.Release|Any CPU.Build.0 = Release|Any CPU
		{170DF0E1-799A-4952-A571-88AD53AB7178}.Debug|Any CPU.ActiveCfg = Debug|Any CPU
		{170DF0E1-799A-4952-A571-88AD53AB7178}.Debug|Any CPU.Build.0 = Debug|Any CPU
		{170DF0E1-799A-4952-A571-88AD53AB7178}.Release|Any CPU.ActiveCfg = Release|Any CPU
		{170DF0E1-799A-4952-A571-88AD53AB7178}.Release|Any CPU.Build.0 = Release|Any CPU
		{6A4E7E3E-D4A0-4721-9C97-5E186A2FE699}.Debug|Any CPU.ActiveCfg = Debug|Any CPU
		{6A4E7E3E-D4A0-4721-9C97-5E186A2FE699}.Debug|Any CPU.Build.0 = Debug|Any CPU
		{6A4E7E3E-D4A0-4721-9C97-5E186A2FE699}.Release|Any CPU.ActiveCfg = Release|Any CPU
		{6A4E7E3E-D4A0-4721-9C97-5E186A2FE699}.Release|Any CPU.Build.0 = Release|Any CPU
		{353EA1A8-FFCB-4ACB-BEA1-7FF803690BCB}.Debug|Any CPU.ActiveCfg = Debug|Any CPU
		{353EA1A8-FFCB-4ACB-BEA1-7FF803690BCB}.Debug|Any CPU.Build.0 = Debug|Any CPU
		{353EA1A8-FFCB-4ACB-BEA1-7FF803690BCB}.Release|Any CPU.ActiveCfg = Release|Any CPU
		{353EA1A8-FFCB-4ACB-BEA1-7FF803690BCB}.Release|Any CPU.Build.0 = Release|Any CPU
		{6C62102C-18BA-45F2-AA10-4899374AA05A}.Debug|Any CPU.ActiveCfg = Debug|Any CPU
		{6C62102C-18BA-45F2-AA10-4899374AA05A}.Debug|Any CPU.Build.0 = Debug|Any CPU
		{6C62102C-18BA-45F2-AA10-4899374AA05A}.Release|Any CPU.ActiveCfg = Release|Any CPU
		{6C62102C-18BA-45F2-AA10-4899374AA05A}.Release|Any CPU.Build.0 = Release|Any CPU
		{D80124DD-91D9-4486-978F-C07C141644E2}.Debug|Any CPU.ActiveCfg = Debug|Any CPU
		{D80124DD-91D9-4486-978F-C07C141644E2}.Debug|Any CPU.Build.0 = Debug|Any CPU
		{D80124DD-91D9-4486-978F-C07C141644E2}.Release|Any CPU.ActiveCfg = Release|Any CPU
		{D80124DD-91D9-4486-978F-C07C141644E2}.Release|Any CPU.Build.0 = Release|Any CPU
		{80AD3104-1F51-4327-9F74-55A9643E1789}.Debug|Any CPU.ActiveCfg = Debug|Any CPU
		{80AD3104-1F51-4327-9F74-55A9643E1789}.Debug|Any CPU.Build.0 = Debug|Any CPU
		{80AD3104-1F51-4327-9F74-55A9643E1789}.Release|Any CPU.ActiveCfg = Release|Any CPU
		{80AD3104-1F51-4327-9F74-55A9643E1789}.Release|Any CPU.Build.0 = Release|Any CPU
	EndGlobalSection
	GlobalSection(SolutionProperties) = preSolution
		HideSolutionNode = FALSE
	EndGlobalSection
	GlobalSection(NestedProjects) = preSolution
		{588B6E79-D278-4011-9CA5-8ECFDE3B2DA7} = {A023E111-7951-4C0B-855B-B167FAB1DED0}
		{A1A99943-3D70-48C8-AFD6-FB32A93BC2AE} = {A023E111-7951-4C0B-855B-B167FAB1DED0}
		{BDE1182F-61D3-4D31-865E-5984092354CE} = {A023E111-7951-4C0B-855B-B167FAB1DED0}
		{40A09173-2B02-42A5-8336-3A0063C1CF3D} = {A023E111-7951-4C0B-855B-B167FAB1DED0}
		{757B6187-1907-4571-B102-5D5F001747D3} = {A023E111-7951-4C0B-855B-B167FAB1DED0}
		{170DF0E1-799A-4952-A571-88AD53AB7178} = {DF948BE3-4DC4-408F-8CBA-91A372074B95}
		{6A4E7E3E-D4A0-4721-9C97-5E186A2FE699} = {DF948BE3-4DC4-408F-8CBA-91A372074B95}
		{6C62102C-18BA-45F2-AA10-4899374AA05A} = {A023E111-7951-4C0B-855B-B167FAB1DED0}
		{D80124DD-91D9-4486-978F-C07C141644E2} = {A023E111-7951-4C0B-855B-B167FAB1DED0}
		{80AD3104-1F51-4327-9F74-55A9643E1789} = {A023E111-7951-4C0B-855B-B167FAB1DED0}
	EndGlobalSection
	GlobalSection(ExtensibilityGlobals) = postSolution
		SolutionGuid = {72F20086-2AAE-4305-977A-B807839763A8}
	EndGlobalSection
EndGlobal
