
Microsoft Visual Studio Solution File, Format Version 12.00
# Visual Studio Version 17
VisualStudioVersion = 17.1.32210.238
MinimumVisualStudioVersion = 10.0.40219.1
Project("{9A19103F-16F7-4668-BE54-9A1E7A4F7556}") = "MicrolisR", "src\MicrolisR\MicrolisR.csproj", "{588B6E79-D278-4011-9CA5-8ECFDE3B2DA7}"
EndProject
Global
	GlobalSection(SolutionConfigurationPlatforms) = preSolution
		Debug|Any CPU = Debug|Any CPU
		Release|Any CPU = Release|Any CPU
	EndGlobalSection
	GlobalSection(ProjectConfigurationPlatforms) = postSolution
		{588B6E79-D278-4011-9CA5-8ECFDE3B2DA7}.Debug|Any CPU.ActiveCfg = Debug|Any CPU
		{588B6E79-D278-4011-9CA5-8ECFDE3B2DA7}.Debug|Any CPU.Build.0 = Debug|Any CPU
		{588B6E79-D278-4011-9CA5-8ECFDE3B2DA7}.Release|Any CPU.ActiveCfg = Release|Any CPU
		{588B6E79-D278-4011-9CA5-8ECFDE3B2DA7}.Release|Any CPU.Build.0 = Release|Any CPU
	EndGlobalSection
	GlobalSection(SolutionProperties) = preSolution
		HideSolutionNode = FALSE
	EndGlobalSection
	GlobalSection(ExtensibilityGlobals) = postSolution
		SolutionGuid = {72F20086-2AAE-4305-977A-B807839763A8}
	EndGlobalSection
EndGlobal
