
Microsoft Visual Studio Solution File, Format Version 12.00
# Visual Studio Version 17
VisualStudioVersion = 17.1.32210.238
MinimumVisualStudioVersion = 10.0.40219.1
Project("{2150E333-8FDC-42A3-9474-1A3956D46DE8}") = "src", "src", "{A023E111-7951-4C0B-855B-B167FAB1DED0}"
EndProject
Project("{2150E333-8FDC-42A3-9474-1A3956D46DE8}") = "test", "test", "{DF948BE3-4DC4-408F-8CBA-91A372074B95}"
EndProject
Project("{FAE04EC0-301F-11D3-BF4B-00C04F79EFBC}") = "Segres", "src\Segres\Segres.csproj", "{E1711B90-5C9A-403F-83C5-19C9916C2045}"
EndProject
Project("{FAE04EC0-301F-11D3-BF4B-00C04F79EFBC}") = "Segres.Extensions.DependencyInjection.Microsoft", "src\Segres.Extensions.DependencyInjection.Microsoft\Segres.Extensions.DependencyInjection.Microsoft.csproj", "{2D255F65-96B7-4BEB-BEDF-6B30D5AB3406}"
EndProject
Project("{FAE04EC0-301F-11D3-BF4B-00C04F79EFBC}") = "Segres.UnitTest", "test\Segres.UnitTest\Segres.UnitTest.csproj", "{61A6D8E8-50E2-4C8A-8F69-A2F1BD9BAB33}"
EndProject
Project("{FAE04EC0-301F-11D3-BF4B-00C04F79EFBC}") = "Segres.Endpoint", "src\Segres.Endpoint\Segres.Endpoint.csproj", "{96D38ABC-DC02-4A3F-84A4-305DC4DA59F5}"
EndProject
Project("{2150E333-8FDC-42A3-9474-1A3956D46DE8}") = "perf", "perf", "{17C51AC4-1B6F-4610-B359-13B2F0DF4186}"
EndProject
Project("{FAE04EC0-301F-11D3-BF4B-00C04F79EFBC}") = "Segres.Benchmarks", "perf\Segres.Benchmarks\Segres.Benchmarks.csproj", "{BFAB0C0C-7F1C-4EDE-8616-8077A228FC59}"
EndProject
Project("{2150E333-8FDC-42A3-9474-1A3956D46DE8}") = "demo", "demo", "{A6A4C7BC-3F6A-4758-B387-314EB4B65283}"
EndProject
Project("{FAE04EC0-301F-11D3-BF4B-00C04F79EFBC}") = "WeatherForecastDemo.Api", "WeatherForecastDemo.Api\WeatherForecastDemo.Api.csproj", "{51B249E7-F1E2-4EEE-A2AA-EB8DC1C41E52}"
EndProject
Project("{FAE04EC0-301F-11D3-BF4B-00C04F79EFBC}") = "WeatherForecastDemo.Application", "WeatherForecastDemo.Application\WeatherForecastDemo.Application.csproj", "{737C81FD-88F0-4336-A745-6761DE9BF9C2}"
EndProject
Project("{FAE04EC0-301F-11D3-BF4B-00C04F79EFBC}") = "WeatherForecastDemo.Domain", "WeatherForecastDemo.Domain\WeatherForecastDemo.Domain.csproj", "{DF75E7A4-AAE5-476A-8739-07310B805839}"
EndProject
Project("{FAE04EC0-301F-11D3-BF4B-00C04F79EFBC}") = "WeatherForecastDemo.Infrastructure", "WeatherForecastDemo.Infrastructure\WeatherForecastDemo.Infrastructure.csproj", "{8E41D053-038D-4CB1-8616-74112DBCE6F3}"
EndProject
Global
	GlobalSection(SolutionConfigurationPlatforms) = preSolution
		Debug|Any CPU = Debug|Any CPU
		Release|Any CPU = Release|Any CPU
	EndGlobalSection
	GlobalSection(ProjectConfigurationPlatforms) = postSolution
		{E1711B90-5C9A-403F-83C5-19C9916C2045}.Debug|Any CPU.ActiveCfg = Debug|Any CPU
		{E1711B90-5C9A-403F-83C5-19C9916C2045}.Debug|Any CPU.Build.0 = Debug|Any CPU
		{E1711B90-5C9A-403F-83C5-19C9916C2045}.Release|Any CPU.ActiveCfg = Release|Any CPU
		{E1711B90-5C9A-403F-83C5-19C9916C2045}.Release|Any CPU.Build.0 = Release|Any CPU
		{2D255F65-96B7-4BEB-BEDF-6B30D5AB3406}.Debug|Any CPU.ActiveCfg = Debug|Any CPU
		{2D255F65-96B7-4BEB-BEDF-6B30D5AB3406}.Debug|Any CPU.Build.0 = Debug|Any CPU
		{2D255F65-96B7-4BEB-BEDF-6B30D5AB3406}.Release|Any CPU.ActiveCfg = Release|Any CPU
		{2D255F65-96B7-4BEB-BEDF-6B30D5AB3406}.Release|Any CPU.Build.0 = Release|Any CPU
		{61A6D8E8-50E2-4C8A-8F69-A2F1BD9BAB33}.Debug|Any CPU.ActiveCfg = Debug|Any CPU
		{61A6D8E8-50E2-4C8A-8F69-A2F1BD9BAB33}.Debug|Any CPU.Build.0 = Debug|Any CPU
		{61A6D8E8-50E2-4C8A-8F69-A2F1BD9BAB33}.Release|Any CPU.ActiveCfg = Release|Any CPU
		{61A6D8E8-50E2-4C8A-8F69-A2F1BD9BAB33}.Release|Any CPU.Build.0 = Release|Any CPU
		{96D38ABC-DC02-4A3F-84A4-305DC4DA59F5}.Debug|Any CPU.ActiveCfg = Debug|Any CPU
		{96D38ABC-DC02-4A3F-84A4-305DC4DA59F5}.Debug|Any CPU.Build.0 = Debug|Any CPU
		{96D38ABC-DC02-4A3F-84A4-305DC4DA59F5}.Release|Any CPU.ActiveCfg = Release|Any CPU
		{96D38ABC-DC02-4A3F-84A4-305DC4DA59F5}.Release|Any CPU.Build.0 = Release|Any CPU
		{BFAB0C0C-7F1C-4EDE-8616-8077A228FC59}.Debug|Any CPU.ActiveCfg = Debug|Any CPU
		{BFAB0C0C-7F1C-4EDE-8616-8077A228FC59}.Debug|Any CPU.Build.0 = Debug|Any CPU
		{BFAB0C0C-7F1C-4EDE-8616-8077A228FC59}.Release|Any CPU.ActiveCfg = Release|Any CPU
		{BFAB0C0C-7F1C-4EDE-8616-8077A228FC59}.Release|Any CPU.Build.0 = Release|Any CPU
		{51B249E7-F1E2-4EEE-A2AA-EB8DC1C41E52}.Debug|Any CPU.ActiveCfg = Debug|Any CPU
		{51B249E7-F1E2-4EEE-A2AA-EB8DC1C41E52}.Debug|Any CPU.Build.0 = Debug|Any CPU
		{51B249E7-F1E2-4EEE-A2AA-EB8DC1C41E52}.Release|Any CPU.ActiveCfg = Release|Any CPU
		{51B249E7-F1E2-4EEE-A2AA-EB8DC1C41E52}.Release|Any CPU.Build.0 = Release|Any CPU
		{737C81FD-88F0-4336-A745-6761DE9BF9C2}.Debug|Any CPU.ActiveCfg = Debug|Any CPU
		{737C81FD-88F0-4336-A745-6761DE9BF9C2}.Debug|Any CPU.Build.0 = Debug|Any CPU
		{737C81FD-88F0-4336-A745-6761DE9BF9C2}.Release|Any CPU.ActiveCfg = Release|Any CPU
		{737C81FD-88F0-4336-A745-6761DE9BF9C2}.Release|Any CPU.Build.0 = Release|Any CPU
		{DF75E7A4-AAE5-476A-8739-07310B805839}.Debug|Any CPU.ActiveCfg = Debug|Any CPU
		{DF75E7A4-AAE5-476A-8739-07310B805839}.Debug|Any CPU.Build.0 = Debug|Any CPU
		{DF75E7A4-AAE5-476A-8739-07310B805839}.Release|Any CPU.ActiveCfg = Release|Any CPU
		{DF75E7A4-AAE5-476A-8739-07310B805839}.Release|Any CPU.Build.0 = Release|Any CPU
		{8E41D053-038D-4CB1-8616-74112DBCE6F3}.Debug|Any CPU.ActiveCfg = Debug|Any CPU
		{8E41D053-038D-4CB1-8616-74112DBCE6F3}.Debug|Any CPU.Build.0 = Debug|Any CPU
		{8E41D053-038D-4CB1-8616-74112DBCE6F3}.Release|Any CPU.ActiveCfg = Release|Any CPU
		{8E41D053-038D-4CB1-8616-74112DBCE6F3}.Release|Any CPU.Build.0 = Release|Any CPU
	EndGlobalSection
	GlobalSection(SolutionProperties) = preSolution
		HideSolutionNode = FALSE
	EndGlobalSection
	GlobalSection(NestedProjects) = preSolution
		{E1711B90-5C9A-403F-83C5-19C9916C2045} = {A023E111-7951-4C0B-855B-B167FAB1DED0}
		{2D255F65-96B7-4BEB-BEDF-6B30D5AB3406} = {A023E111-7951-4C0B-855B-B167FAB1DED0}
		{61A6D8E8-50E2-4C8A-8F69-A2F1BD9BAB33} = {DF948BE3-4DC4-408F-8CBA-91A372074B95}
		{96D38ABC-DC02-4A3F-84A4-305DC4DA59F5} = {A023E111-7951-4C0B-855B-B167FAB1DED0}
		{BFAB0C0C-7F1C-4EDE-8616-8077A228FC59} = {17C51AC4-1B6F-4610-B359-13B2F0DF4186}
		{51B249E7-F1E2-4EEE-A2AA-EB8DC1C41E52} = {A6A4C7BC-3F6A-4758-B387-314EB4B65283}
		{737C81FD-88F0-4336-A745-6761DE9BF9C2} = {A6A4C7BC-3F6A-4758-B387-314EB4B65283}
		{DF75E7A4-AAE5-476A-8739-07310B805839} = {A6A4C7BC-3F6A-4758-B387-314EB4B65283}
		{8E41D053-038D-4CB1-8616-74112DBCE6F3} = {A6A4C7BC-3F6A-4758-B387-314EB4B65283}
	EndGlobalSection
	GlobalSection(ExtensibilityGlobals) = postSolution
		SolutionGuid = {72F20086-2AAE-4305-977A-B807839763A8}
	EndGlobalSection
EndGlobal
