
Microsoft Visual Studio Solution File, Format Version 12.00
# Visual Studio Version 17
VisualStudioVersion = 17.1.32210.238
MinimumVisualStudioVersion = 10.0.40219.1
Project("{2150E333-8FDC-42A3-9474-1A3956D46DE8}") = "src", "src", "{A023E111-7951-4C0B-855B-B167FAB1DED0}"
EndProject
Project("{2150E333-8FDC-42A3-9474-1A3956D46DE8}") = "test", "test", "{DF948BE3-4DC4-408F-8CBA-91A372074B95}"
EndProject
Project("{FAE04EC0-301F-11D3-BF4B-00C04F79EFBC}") = "Segres", "src\Segres\Segres.csproj", "{E1711B90-5C9A-403F-83C5-19C9916C2045}"
EndProject
Project("{FAE04EC0-301F-11D3-BF4B-00C04F79EFBC}") = "Segres.UnitTest", "test\Segres.UnitTest\Segres.UnitTest.csproj", "{61A6D8E8-50E2-4C8A-8F69-A2F1BD9BAB33}"
EndProject
Project("{2150E333-8FDC-42A3-9474-1A3956D46DE8}") = "perf", "perf", "{17C51AC4-1B6F-4610-B359-13B2F0DF4186}"
EndProject
Project("{FAE04EC0-301F-11D3-BF4B-00C04F79EFBC}") = "Segres.Benchmarks", "perf\Segres.Benchmarks\Segres.Benchmarks.csproj", "{BFAB0C0C-7F1C-4EDE-8616-8077A228FC59}"
EndProject
Project("{2150E333-8FDC-42A3-9474-1A3956D46DE8}") = "demo", "demo", "{A6A4C7BC-3F6A-4758-B387-314EB4B65283}"
EndProject
Project("{FAE04EC0-301F-11D3-BF4B-00C04F79EFBC}") = "WeatherForecastDemo.Domain", "demo\WeatherForecastDemo.Domain\WeatherForecastDemo.Domain.csproj", "{96E1B47E-190D-4BE0-A3AD-7D6923FD41FE}"
EndProject
Project("{FAE04EC0-301F-11D3-BF4B-00C04F79EFBC}") = "WeatherForecastDemo.Infrastructure", "demo\WeatherForecastDemo.Infrastructure\WeatherForecastDemo.Infrastructure.csproj", "{F28852C1-50CF-4A55-8DA7-41F79334B9E1}"
EndProject
Project("{FAE04EC0-301F-11D3-BF4B-00C04F79EFBC}") = "WeatherForecastDemo.Application", "demo\WeatherForecastDemo.Application\WeatherForecastDemo.Application.csproj", "{E985A941-7E5C-4FD8-8F7D-8E58A1514C9E}"
EndProject
Project("{FAE04EC0-301F-11D3-BF4B-00C04F79EFBC}") = "WeatherForecastDemo.Api", "demo\WeatherForecastDemo.Api\WeatherForecastDemo.Api.csproj", "{B89F2506-7992-49C1-9B3E-098F8242AF98}"
EndProject
Project("{2150E333-8FDC-42A3-9474-1A3956D46DE8}") = "docs", "docs", "{56BC1430-012B-47F9-B223-2ABEBD27AF7F}"
	ProjectSection(SolutionItems) = preProject
		README.md = README.md
	EndProjectSection
EndProject
Project("{FAE04EC0-301F-11D3-BF4B-00C04F79EFBC}") = "WeatherForecastDemo.UI", "demo\WeatherForecastDemo.UI\WeatherForecastDemo.UI.csproj", "{7AA68E01-B9F2-4721-BED0-DF4E570A581C}"
EndProject
Project("{FAE04EC0-301F-11D3-BF4B-00C04F79EFBC}") = "WeatherForecastDemo.Contracts", "demo\WeatherForecastDemo.Contracts\WeatherForecastDemo.Contracts.csproj", "{4BA19C0A-17BA-43A4-9EB0-C41FCFD62622}"
EndProject
Project("{FAE04EC0-301F-11D3-BF4B-00C04F79EFBC}") = "Segres.AspNet", "src\Segres.AspNet\Segres.AspNet.csproj", "{EE8DC8BA-35F8-4AA8-97AA-AD71302D950F}"
EndProject
Project("{FAE04EC0-301F-11D3-BF4B-00C04F79EFBC}") = "PlayGround", "perf\PlayGround\PlayGround.csproj", "{46D66F8D-59C4-4A0F-8F2B-8F5784704E09}"
EndProject
Global
	GlobalSection(SolutionConfigurationPlatforms) = preSolution
		Debug|Any CPU = Debug|Any CPU
		Release|Any CPU = Release|Any CPU
	EndGlobalSection
	GlobalSection(ProjectConfigurationPlatforms) = postSolution
		{E1711B90-5C9A-403F-83C5-19C9916C2045}.Debug|Any CPU.ActiveCfg = Debug|Any CPU
		{E1711B90-5C9A-403F-83C5-19C9916C2045}.Debug|Any CPU.Build.0 = Debug|Any CPU
		{E1711B90-5C9A-403F-83C5-19C9916C2045}.Release|Any CPU.ActiveCfg = Release|Any CPU
		{E1711B90-5C9A-403F-83C5-19C9916C2045}.Release|Any CPU.Build.0 = Release|Any CPU
		{61A6D8E8-50E2-4C8A-8F69-A2F1BD9BAB33}.Debug|Any CPU.ActiveCfg = Debug|Any CPU
		{61A6D8E8-50E2-4C8A-8F69-A2F1BD9BAB33}.Debug|Any CPU.Build.0 = Debug|Any CPU
		{61A6D8E8-50E2-4C8A-8F69-A2F1BD9BAB33}.Release|Any CPU.ActiveCfg = Release|Any CPU
		{61A6D8E8-50E2-4C8A-8F69-A2F1BD9BAB33}.Release|Any CPU.Build.0 = Release|Any CPU
		{BFAB0C0C-7F1C-4EDE-8616-8077A228FC59}.Debug|Any CPU.ActiveCfg = Debug|Any CPU
		{BFAB0C0C-7F1C-4EDE-8616-8077A228FC59}.Debug|Any CPU.Build.0 = Debug|Any CPU
		{BFAB0C0C-7F1C-4EDE-8616-8077A228FC59}.Release|Any CPU.ActiveCfg = Release|Any CPU
		{BFAB0C0C-7F1C-4EDE-8616-8077A228FC59}.Release|Any CPU.Build.0 = Release|Any CPU
		{96E1B47E-190D-4BE0-A3AD-7D6923FD41FE}.Debug|Any CPU.ActiveCfg = Debug|Any CPU
		{96E1B47E-190D-4BE0-A3AD-7D6923FD41FE}.Debug|Any CPU.Build.0 = Debug|Any CPU
		{96E1B47E-190D-4BE0-A3AD-7D6923FD41FE}.Release|Any CPU.ActiveCfg = Release|Any CPU
		{96E1B47E-190D-4BE0-A3AD-7D6923FD41FE}.Release|Any CPU.Build.0 = Release|Any CPU
		{F28852C1-50CF-4A55-8DA7-41F79334B9E1}.Debug|Any CPU.ActiveCfg = Debug|Any CPU
		{F28852C1-50CF-4A55-8DA7-41F79334B9E1}.Debug|Any CPU.Build.0 = Debug|Any CPU
		{F28852C1-50CF-4A55-8DA7-41F79334B9E1}.Release|Any CPU.ActiveCfg = Release|Any CPU
		{F28852C1-50CF-4A55-8DA7-41F79334B9E1}.Release|Any CPU.Build.0 = Release|Any CPU
		{E985A941-7E5C-4FD8-8F7D-8E58A1514C9E}.Debug|Any CPU.ActiveCfg = Debug|Any CPU
		{E985A941-7E5C-4FD8-8F7D-8E58A1514C9E}.Debug|Any CPU.Build.0 = Debug|Any CPU
		{E985A941-7E5C-4FD8-8F7D-8E58A1514C9E}.Release|Any CPU.ActiveCfg = Release|Any CPU
		{E985A941-7E5C-4FD8-8F7D-8E58A1514C9E}.Release|Any CPU.Build.0 = Release|Any CPU
		{B89F2506-7992-49C1-9B3E-098F8242AF98}.Debug|Any CPU.ActiveCfg = Debug|Any CPU
		{B89F2506-7992-49C1-9B3E-098F8242AF98}.Debug|Any CPU.Build.0 = Debug|Any CPU
		{B89F2506-7992-49C1-9B3E-098F8242AF98}.Release|Any CPU.ActiveCfg = Release|Any CPU
		{B89F2506-7992-49C1-9B3E-098F8242AF98}.Release|Any CPU.Build.0 = Release|Any CPU
		{7AA68E01-B9F2-4721-BED0-DF4E570A581C}.Debug|Any CPU.ActiveCfg = Debug|Any CPU
		{7AA68E01-B9F2-4721-BED0-DF4E570A581C}.Debug|Any CPU.Build.0 = Debug|Any CPU
		{7AA68E01-B9F2-4721-BED0-DF4E570A581C}.Release|Any CPU.ActiveCfg = Release|Any CPU
		{7AA68E01-B9F2-4721-BED0-DF4E570A581C}.Release|Any CPU.Build.0 = Release|Any CPU
		{4BA19C0A-17BA-43A4-9EB0-C41FCFD62622}.Debug|Any CPU.ActiveCfg = Debug|Any CPU
		{4BA19C0A-17BA-43A4-9EB0-C41FCFD62622}.Debug|Any CPU.Build.0 = Debug|Any CPU
		{4BA19C0A-17BA-43A4-9EB0-C41FCFD62622}.Release|Any CPU.ActiveCfg = Release|Any CPU
		{4BA19C0A-17BA-43A4-9EB0-C41FCFD62622}.Release|Any CPU.Build.0 = Release|Any CPU
		{EE8DC8BA-35F8-4AA8-97AA-AD71302D950F}.Debug|Any CPU.ActiveCfg = Debug|Any CPU
		{EE8DC8BA-35F8-4AA8-97AA-AD71302D950F}.Debug|Any CPU.Build.0 = Debug|Any CPU
		{EE8DC8BA-35F8-4AA8-97AA-AD71302D950F}.Release|Any CPU.ActiveCfg = Release|Any CPU
		{EE8DC8BA-35F8-4AA8-97AA-AD71302D950F}.Release|Any CPU.Build.0 = Release|Any CPU
		{46D66F8D-59C4-4A0F-8F2B-8F5784704E09}.Debug|Any CPU.ActiveCfg = Debug|Any CPU
		{46D66F8D-59C4-4A0F-8F2B-8F5784704E09}.Debug|Any CPU.Build.0 = Debug|Any CPU
		{46D66F8D-59C4-4A0F-8F2B-8F5784704E09}.Release|Any CPU.ActiveCfg = Release|Any CPU
		{46D66F8D-59C4-4A0F-8F2B-8F5784704E09}.Release|Any CPU.Build.0 = Release|Any CPU
	EndGlobalSection
	GlobalSection(SolutionProperties) = preSolution
		HideSolutionNode = FALSE
	EndGlobalSection
	GlobalSection(NestedProjects) = preSolution
		{E1711B90-5C9A-403F-83C5-19C9916C2045} = {A023E111-7951-4C0B-855B-B167FAB1DED0}
		{61A6D8E8-50E2-4C8A-8F69-A2F1BD9BAB33} = {DF948BE3-4DC4-408F-8CBA-91A372074B95}
		{BFAB0C0C-7F1C-4EDE-8616-8077A228FC59} = {17C51AC4-1B6F-4610-B359-13B2F0DF4186}
		{96E1B47E-190D-4BE0-A3AD-7D6923FD41FE} = {A6A4C7BC-3F6A-4758-B387-314EB4B65283}
		{F28852C1-50CF-4A55-8DA7-41F79334B9E1} = {A6A4C7BC-3F6A-4758-B387-314EB4B65283}
		{E985A941-7E5C-4FD8-8F7D-8E58A1514C9E} = {A6A4C7BC-3F6A-4758-B387-314EB4B65283}
		{B89F2506-7992-49C1-9B3E-098F8242AF98} = {A6A4C7BC-3F6A-4758-B387-314EB4B65283}
		{7AA68E01-B9F2-4721-BED0-DF4E570A581C} = {A6A4C7BC-3F6A-4758-B387-314EB4B65283}
		{4BA19C0A-17BA-43A4-9EB0-C41FCFD62622} = {A6A4C7BC-3F6A-4758-B387-314EB4B65283}
		{EE8DC8BA-35F8-4AA8-97AA-AD71302D950F} = {A023E111-7951-4C0B-855B-B167FAB1DED0}
		{46D66F8D-59C4-4A0F-8F2B-8F5784704E09} = {17C51AC4-1B6F-4610-B359-13B2F0DF4186}
	EndGlobalSection
	GlobalSection(ExtensibilityGlobals) = postSolution
		SolutionGuid = {72F20086-2AAE-4305-977A-B807839763A8}
	EndGlobalSection
EndGlobal
